{
    "_meta": {
        "hash": {
            "sha256": "16010255feff0b0ce28f6be5dc62f33fc9df9e0aa7bd0e7d53c76811df56f01e"
        },
        "pipfile-spec": 6,
        "requires": {
            "python_version": "3.8"
        },
        "sources": [
            {
                "name": "pypi",
                "url": "https://pypi.org/simple",
                "verify_ssl": true
            }
        ]
    },
    "default": {
        "certifi": {
            "hashes": [
                "sha256:5930595817496dd21bb8dc35dad090f1c2cd0adfaf21204bf6732ca5d8ee34d3",
                "sha256:8fc0819f1f30ba15bdb34cceffb9ef04d99f420f68eb75d901e9560b8749fc41"
            ],
            "version": "==2020.6.20"
        },
        "elasticsearch": {
            "hashes": [
                "sha256:5e08776fbb30c6e92408c7fa8c37d939210d291475ae2f364f0497975918b6fe",
                "sha256:8c7e2374f53ee1b891ff2804116e0c7fb517585d6d5788ba668686bbc9d82e2d"
            ],
            "index": "pypi",
            "version": "==7.9.1"
        },
        "urllib3": {
            "hashes": [
                "sha256:91056c15fa70756691db97756772bb1eb9678fa585d9184f24534b100dc60f4a",
                "sha256:e7983572181f5e1522d9c98453462384ee92a0be7fac5f1413a1e35c56cc0461"
            ],
            "markers": "python_version >= '2.7' and python_version not in '3.0, 3.1, 3.2, 3.3, 3.4' and python_version < '4'",
            "version": "==1.25.10"
        }
    },
    "develop": {}
}
